
Microsoft Visual Studio Solution File, Format Version 12.00
# Visual Studio Version 17
VisualStudioVersion = 17.11.35222.181
MinimumVisualStudioVersion = 10.0.40219.1
Project("{FAE04EC0-301F-11D3-BF4B-00C04F79EFBC}") = "NongTrai", "NongTrai\NongTrai.csproj", "{73BFD080-8F2A-437F-A950-F4A52529B859}"
EndProject
Global
	GlobalSection(SolutionConfigurationPlatforms) = preSolution
		Debug|Any CPU = Debug|Any CPU
		Release|Any CPU = Release|Any CPU
	EndGlobalSection
	GlobalSection(ProjectConfigurationPlatforms) = postSolution
		{73BFD080-8F2A-437F-A950-F4A52529B859}.Debug|Any CPU.ActiveCfg = Debug|Any CPU
		{73BFD080-8F2A-437F-A950-F4A52529B859}.Debug|Any CPU.Build.0 = Debug|Any CPU
		{73BFD080-8F2A-437F-A950-F4A52529B859}.Release|Any CPU.ActiveCfg = Release|Any CPU
		{73BFD080-8F2A-437F-A950-F4A52529B859}.Release|Any CPU.Build.0 = Release|Any CPU
	EndGlobalSection
	GlobalSection(SolutionProperties) = preSolution
		HideSolutionNode = FALSE
	EndGlobalSection
	GlobalSection(ExtensibilityGlobals) = postSolution
		SolutionGuid = {AC2F5034-FCCA-4708-BBB4-A799499E5492}
	EndGlobalSection
EndGlobal
